// !$*UTF8*$!
{
	archiveVersion = 1;
	classes = {
	};
	objectVersion = 48;
	objects = {

/* Begin PBXBuildFile section */
		596C18891FA0CA39000621FE /* AppDelegate.swift in Sources */ = {isa = PBXBuildFile; fileRef = 596C18881FA0CA39000621FE /* AppDelegate.swift */; };
		596C188B1FA0CA39000621FE /* ViewController.swift in Sources */ = {isa = PBXBuildFile; fileRef = 596C188A1FA0CA39000621FE /* ViewController.swift */; };
		596C188E1FA0CA39000621FE /* Main.storyboard in Resources */ = {isa = PBXBuildFile; fileRef = 596C188C1FA0CA39000621FE /* Main.storyboard */; };
		596C18901FA0CA39000621FE /* Assets.xcassets in Resources */ = {isa = PBXBuildFile; fileRef = 596C188F1FA0CA39000621FE /* Assets.xcassets */; };
		596C18931FA0CA39000621FE /* LaunchScreen.storyboard in Resources */ = {isa = PBXBuildFile; fileRef = 596C18911FA0CA39000621FE /* LaunchScreen.storyboard */; };
		596C189B1FA0CD3F000621FE /* MapAlertViewController.swift in Sources */ = {isa = PBXBuildFile; fileRef = 596C189A1FA0CD3F000621FE /* MapAlertViewController.swift */; };
		598E92E31FA0D24A0009F9BB /* MapKitViewController.swift in Sources */ = {isa = PBXBuildFile; fileRef = 598E92E21FA0D24A0009F9BB /* MapKitViewController.swift */; };
		598E92E71FA0D2D50009F9BB /* rating5@2x.png in Resources */ = {isa = PBXBuildFile; fileRef = 598E92E51FA0D2D50009F9BB /* rating5@2x.png */; };
		598E92E81FA0D2D50009F9BB /* note.png in Resources */ = {isa = PBXBuildFile; fileRef = 598E92E61FA0D2D50009F9BB /* note.png */; };
		598E92EA1FA0D2EA0009F9BB /* ImageViewController.swift in Sources */ = {isa = PBXBuildFile; fileRef = 598E92E91FA0D2EA0009F9BB /* ImageViewController.swift */; };
		598E92EC1FA2178A0009F9BB /* ControlViewController.swift in Sources */ = {isa = PBXBuildFile; fileRef = 598E92EB1FA2178A0009F9BB /* ControlViewController.swift */; };
		598E92EE1FA21F2A0009F9BB /* ListViewController.swift in Sources */ = {isa = PBXBuildFile; fileRef = 598E92ED1FA21F2A0009F9BB /* ListViewController.swift */; };
/* End PBXBuildFile section */

/* Begin PBXFileReference section */
		596C18851FA0CA39000621FE /* Chapter03  Alert.app */ = {isa = PBXFileReference; explicitFileType = wrapper.application; includeInIndex = 0; path = "Chapter03  Alert.app"; sourceTree = BUILT_PRODUCTS_DIR; };
		596C18881FA0CA39000621FE /* AppDelegate.swift */ = {isa = PBXFileReference; lastKnownFileType = sourcecode.swift; path = AppDelegate.swift; sourceTree = "<group>"; };
		596C188A1FA0CA39000621FE /* ViewController.swift */ = {isa = PBXFileReference; lastKnownFileType = sourcecode.swift; path = ViewController.swift; sourceTree = "<group>"; };
		596C188D1FA0CA39000621FE /* Base */ = {isa = PBXFileReference; lastKnownFileType = file.storyboard; name = Base; path = Base.lproj/Main.storyboard; sourceTree = "<group>"; };
		596C188F1FA0CA39000621FE /* Assets.xcassets */ = {isa = PBXFileReference; lastKnownFileType = folder.assetcatalog; path = Assets.xcassets; sourceTree = "<group>"; };
		596C18921FA0CA39000621FE /* Base */ = {isa = PBXFileReference; lastKnownFileType = file.storyboard; name = Base; path = Base.lproj/LaunchScreen.storyboard; sourceTree = "<group>"; };
		596C18941FA0CA39000621FE /* Info.plist */ = {isa = PBXFileReference; lastKnownFileType = text.plist.xml; path = Info.plist; sourceTree = "<group>"; };
		596C189A1FA0CD3F000621FE /* MapAlertViewController.swift */ = {isa = PBXFileReference; lastKnownFileType = sourcecode.swift; path = MapAlertViewController.swift; sourceTree = "<group>"; };
		598E92E21FA0D24A0009F9BB /* MapKitViewController.swift */ = {isa = PBXFileReference; lastKnownFileType = sourcecode.swift; path = MapKitViewController.swift; sourceTree = "<group>"; };
		598E92E51FA0D2D50009F9BB /* rating5@2x.png */ = {isa = PBXFileReference; lastKnownFileType = image.png; path = "rating5@2x.png"; sourceTree = "<group>"; };
		598E92E61FA0D2D50009F9BB /* note.png */ = {isa = PBXFileReference; lastKnownFileType = image.png; path = note.png; sourceTree = "<group>"; };
		598E92E91FA0D2EA0009F9BB /* ImageViewController.swift */ = {isa = PBXFileReference; lastKnownFileType = sourcecode.swift; path = ImageViewController.swift; sourceTree = "<group>"; };
		598E92EB1FA2178A0009F9BB /* ControlViewController.swift */ = {isa = PBXFileReference; lastKnownFileType = sourcecode.swift; path = ControlViewController.swift; sourceTree = "<group>"; };
		598E92ED1FA21F2A0009F9BB /* ListViewController.swift */ = {isa = PBXFileReference; lastKnownFileType = sourcecode.swift; path = ListViewController.swift; sourceTree = "<group>"; };
/* End PBXFileReference section */

/* Begin PBXFrameworksBuildPhase section */
		596C18821FA0CA39000621FE /* Frameworks */ = {
			isa = PBXFrameworksBuildPhase;
			buildActionMask = 2147483647;
			files = (
			);
			runOnlyForDeploymentPostprocessing = 0;
		};
/* End PBXFrameworksBuildPhase section */

/* Begin PBXGroup section */
		596C187C1FA0CA39000621FE = {
			isa = PBXGroup;
			children = (
				598E92E41FA0D2C10009F9BB /* Resources */,
				596C18871FA0CA39000621FE /* Chapter03  Alert */,
				596C18861FA0CA39000621FE /* Products */,
			);
			sourceTree = "<group>";
		};
		596C18861FA0CA39000621FE /* Products */ = {
			isa = PBXGroup;
			children = (
				596C18851FA0CA39000621FE /* Chapter03  Alert.app */,
			);
			name = Products;
			sourceTree = "<group>";
		};
		596C18871FA0CA39000621FE /* Chapter03  Alert */ = {
			isa = PBXGroup;
			children = (
				596C18881FA0CA39000621FE /* AppDelegate.swift */,
				596C188A1FA0CA39000621FE /* ViewController.swift */,
				596C188C1FA0CA39000621FE /* Main.storyboard */,
				596C188F1FA0CA39000621FE /* Assets.xcassets */,
				596C18911FA0CA39000621FE /* LaunchScreen.storyboard */,
				596C18941FA0CA39000621FE /* Info.plist */,
				596C189A1FA0CD3F000621FE /* MapAlertViewController.swift */,
				598E92E21FA0D24A0009F9BB /* MapKitViewController.swift */,
				598E92E91FA0D2EA0009F9BB /* ImageViewController.swift */,
				598E92EB1FA2178A0009F9BB /* ControlViewController.swift */,
				598E92ED1FA21F2A0009F9BB /* ListViewController.swift */,
			);
			path = "Chapter03  Alert";
			sourceTree = "<group>";
		};
		598E92E41FA0D2C10009F9BB /* Resources */ = {
			isa = PBXGroup;
			children = (
				598E92E61FA0D2D50009F9BB /* note.png */,
				598E92E51FA0D2D50009F9BB /* rating5@2x.png */,
			);
			path = Resources;
			sourceTree = "<group>";
		};
/* End PBXGroup section */

/* Begin PBXNativeTarget section */
		596C18841FA0CA39000621FE /* Chapter03  Alert */ = {
			isa = PBXNativeTarget;
			buildConfigurationList = 596C18971FA0CA39000621FE /* Build configuration list for PBXNativeTarget "Chapter03  Alert" */;
			buildPhases = (
				596C18811FA0CA39000621FE /* Sources */,
				596C18821FA0CA39000621FE /* Frameworks */,
				596C18831FA0CA39000621FE /* Resources */,
			);
			buildRules = (
			);
			dependencies = (
			);
			name = "Chapter03  Alert";
			productName = "Chapter03  Alert";
			productReference = 596C18851FA0CA39000621FE /* Chapter03  Alert.app */;
			productType = "com.apple.product-type.application";
		};
/* End PBXNativeTarget section */

/* Begin PBXProject section */
		596C187D1FA0CA39000621FE /* Project object */ = {
			isa = PBXProject;
			attributes = {
				LastSwiftUpdateCheck = 0900;
				LastUpgradeCheck = 0900;
				ORGANIZATIONNAME = solbat;
				TargetAttributes = {
					596C18841FA0CA39000621FE = {
						CreatedOnToolsVersion = 9.0.1;
						ProvisioningStyle = Automatic;
					};
				};
			};
			buildConfigurationList = 596C18801FA0CA39000621FE /* Build configuration list for PBXProject "Chapter03  Alert" */;
			compatibilityVersion = "Xcode 8.0";
			developmentRegion = en;
			hasScannedForEncodings = 0;
			knownRegions = (
				en,
				Base,
			);
			mainGroup = 596C187C1FA0CA39000621FE;
			productRefGroup = 596C18861FA0CA39000621FE /* Products */;
			projectDirPath = "";
			projectRoot = "";
			targets = (
				596C18841FA0CA39000621FE /* Chapter03  Alert */,
			);
		};
/* End PBXProject section */

/* Begin PBXResourcesBuildPhase section */
		596C18831FA0CA39000621FE /* Resources */ = {
			isa = PBXResourcesBuildPhase;
			buildActionMask = 2147483647;
			files = (
				596C18931FA0CA39000621FE /* LaunchScreen.storyboard in Resources */,
				598E92E81FA0D2D50009F9BB /* note.png in Resources */,
				598E92E71FA0D2D50009F9BB /* rating5@2x.png in Resources */,
				596C18901FA0CA39000621FE /* Assets.xcassets in Resources */,
				596C188E1FA0CA39000621FE /* Main.storyboard in Resources */,
			);
			runOnlyForDeploymentPostprocessing = 0;
		};
/* End PBXResourcesBuildPhase section */

/* Begin PBXSourcesBuildPhase section */
		596C18811FA0CA39000621FE /* Sources */ = {
			isa = PBXSourcesBuildPhase;
			buildActionMask = 2147483647;
			files = (
				596C188B1FA0CA39000621FE /* ViewController.swift in Sources */,
				596C18891FA0CA39000621FE /* AppDelegate.swift in Sources */,
				598E92EA1FA0D2EA0009F9BB /* ImageViewController.swift in Sources */,
				598E92E31FA0D24A0009F9BB /* MapKitViewController.swift in Sources */,
				598E92EC1FA2178A0009F9BB /* ControlViewController.swift in Sources */,
				596C189B1FA0CD3F000621FE /* MapAlertViewController.swift in Sources */,
				598E92EE1FA21F2A0009F9BB /* ListViewController.swift in Sources */,
			);
			runOnlyForDeploymentPostprocessing = 0;
		};
/* End PBXSourcesBuildPhase section */

/* Begin PBXVariantGroup section */
		596C188C1FA0CA39000621FE /* Main.storyboard */ = {
			isa = PBXVariantGroup;
			children = (
				596C188D1FA0CA39000621FE /* Base */,
			);
			name = Main.storyboard;
			sourceTree = "<group>";
		};
		596C18911FA0CA39000621FE /* LaunchScreen.storyboard */ = {
			isa = PBXVariantGroup;
			children = (
				596C18921FA0CA39000621FE /* Base */,
			);
			name = LaunchScreen.storyboard;
			sourceTree = "<group>";
		};
/* End PBXVariantGroup section */

/* Begin XCBuildConfiguration section */
		596C18951FA0CA39000621FE /* Debug */ = {
			isa = XCBuildConfiguration;
			buildSettings = {
				ALWAYS_SEARCH_USER_PATHS = NO;
				CLANG_ANALYZER_NONNULL = YES;
				CLANG_ANALYZER_NUMBER_OBJECT_CONVERSION = YES_AGGRESSIVE;
				CLANG_CXX_LANGUAGE_STANDARD = "gnu++14";
				CLANG_CXX_LIBRARY = "libc++";
				CLANG_ENABLE_MODULES = YES;
				CLANG_ENABLE_OBJC_ARC = YES;
				CLANG_WARN_BLOCK_CAPTURE_AUTORELEASING = YES;
				CLANG_WARN_BOOL_CONVERSION = YES;
				CLANG_WARN_COMMA = YES;
				CLANG_WARN_CONSTANT_CONVERSION = YES;
				CLANG_WARN_DIRECT_OBJC_ISA_USAGE = YES_ERROR;
				CLANG_WARN_DOCUMENTATION_COMMENTS = YES;
				CLANG_WARN_EMPTY_BODY = YES;
				CLANG_WARN_ENUM_CONVERSION = YES;
				CLANG_WARN_INFINITE_RECURSION = YES;
				CLANG_WARN_INT_CONVERSION = YES;
				CLANG_WARN_NON_LITERAL_NULL_CONVERSION = YES;
				CLANG_WARN_OBJC_LITERAL_CONVERSION = YES;
				CLANG_WARN_OBJC_ROOT_CLASS = YES_ERROR;
				CLANG_WARN_RANGE_LOOP_ANALYSIS = YES;
				CLANG_WARN_STRICT_PROTOTYPES = YES;
				CLANG_WARN_SUSPICIOUS_MOVE = YES;
				CLANG_WARN_UNGUARDED_AVAILABILITY = YES_AGGRESSIVE;
				CLANG_WARN_UNREACHABLE_CODE = YES;
				CLANG_WARN__DUPLICATE_METHOD_MATCH = YES;
				CODE_SIGN_IDENTITY = "iPhone Developer";
				COPY_PHASE_STRIP = NO;
				DEBUG_INFORMATION_FORMAT = dwarf;
				ENABLE_STRICT_OBJC_MSGSEND = YES;
				ENABLE_TESTABILITY = YES;
				GCC_C_LANGUAGE_STANDARD = gnu11;
				GCC_DYNAMIC_NO_PIC = NO;
				GCC_NO_COMMON_BLOCKS = YES;
				GCC_OPTIMIZATION_LEVEL = 0;
				GCC_PREPROCESSOR_DEFINITIONS = (
					"DEBUG=1",
					"$(inherited)",
				);
				GCC_WARN_64_TO_32_BIT_CONVERSION = YES;
				GCC_WARN_ABOUT_RETURN_TYPE = YES_ERROR;
				GCC_WARN_UNDECLARED_SELECTOR = YES;
				GCC_WARN_UNINITIALIZED_AUTOS = YES_AGGRESSIVE;
				GCC_WARN_UNUSED_FUNCTION = YES;
				GCC_WARN_UNUSED_VARIABLE = YES;
				IPHONEOS_DEPLOYMENT_TARGET = 11.0;
				MTL_ENABLE_DEBUG_INFO = YES;
				ONLY_ACTIVE_ARCH = YES;
				SDKROOT = iphoneos;
				SWIFT_ACTIVE_COMPILATION_CONDITIONS = DEBUG;
				SWIFT_OPTIMIZATION_LEVEL = "-Onone";
			};
			name = Debug;
		};
		596C18961FA0CA39000621FE /* Release */ = {
			isa = XCBuildConfiguration;
			buildSettings = {
				ALWAYS_SEARCH_USER_PATHS = NO;
				CLANG_ANALYZER_NONNULL = YES;
				CLANG_ANALYZER_NUMBER_OBJECT_CONVERSION = YES_AGGRESSIVE;
				CLANG_CXX_LANGUAGE_STANDARD = "gnu++14";
				CLANG_CXX_LIBRARY = "libc++";
				CLANG_ENABLE_MODULES = YES;
				CLANG_ENABLE_OBJC_ARC = YES;
				CLANG_WARN_BLOCK_CAPTURE_AUTORELEASING = YES;
				CLANG_WARN_BOOL_CONVERSION = YES;
				CLANG_WARN_COMMA = YES;
				CLANG_WARN_CONSTANT_CONVERSION = YES;
				CLANG_WARN_DIRECT_OBJC_ISA_USAGE = YES_ERROR;
				CLANG_WARN_DOCUMENTATION_COMMENTS = YES;
				CLANG_WARN_EMPTY_BODY = YES;
				CLANG_WARN_ENUM_CONVERSION = YES;
				CLANG_WARN_INFINITE_RECURSION = YES;
				CLANG_WARN_INT_CONVERSION = YES;
				CLANG_WARN_NON_LITERAL_NULL_CONVERSION = YES;
				CLANG_WARN_OBJC_LITERAL_CONVERSION = YES;
				CLANG_WARN_OBJC_ROOT_CLASS = YES_ERROR;
				CLANG_WARN_RANGE_LOOP_ANALYSIS = YES;
				CLANG_WARN_STRICT_PROTOTYPES = YES;
				CLANG_WARN_SUSPICIOUS_MOVE = YES;
				CLANG_WARN_UNGUARDED_AVAILABILITY = YES_AGGRESSIVE;
				CLANG_WARN_UNREACHABLE_CODE = YES;
				CLANG_WARN__DUPLICATE_METHOD_MATCH = YES;
				CODE_SIGN_IDENTITY = "iPhone Developer";
				COPY_PHASE_STRIP = NO;
				DEBUG_INFORMATION_FORMAT = "dwarf-with-dsym";
				ENABLE_NS_ASSERTIONS = NO;
				ENABLE_STRICT_OBJC_MSGSEND = YES;
				GCC_C_LANGUAGE_STANDARD = gnu11;
				GCC_NO_COMMON_BLOCKS = YES;
				GCC_WARN_64_TO_32_BIT_CONVERSION = YES;
				GCC_WARN_ABOUT_RETURN_TYPE = YES_ERROR;
				GCC_WARN_UNDECLARED_SELECTOR = YES;
				GCC_WARN_UNINITIALIZED_AUTOS = YES_AGGRESSIVE;
				GCC_WARN_UNUSED_FUNCTION = YES;
				GCC_WARN_UNUSED_VARIABLE = YES;
				IPHONEOS_DEPLOYMENT_TARGET = 11.0;
				MTL_ENABLE_DEBUG_INFO = NO;
				SDKROOT = iphoneos;
				SWIFT_OPTIMIZATION_LEVEL = "-Owholemodule";
				VALIDATE_PRODUCT = YES;
			};
			name = Release;
		};
		596C18981FA0CA39000621FE /* Debug */ = {
			isa = XCBuildConfiguration;
			buildSettings = {
				ASSETCATALOG_COMPILER_APPICON_NAME = AppIcon;
				CODE_SIGN_STYLE = Automatic;
				DEVELOPMENT_TEAM = GLLF8U86V2;
				INFOPLIST_FILE = "Chapter03  Alert/Info.plist";
				LD_RUNPATH_SEARCH_PATHS = "$(inherited) @executable_path/Frameworks";
				PRODUCT_BUNDLE_IDENTIFIER = "org.solbat.Chapter03--Alert";
				PRODUCT_NAME = "$(TARGET_NAME)";
				SWIFT_VERSION = 4.0;
				TARGETED_DEVICE_FAMILY = "1,2";
			};
			name = Debug;
		};
		596C18991FA0CA39000621FE /* Release */ = {
			isa = XCBuildConfiguration;
			buildSettings = {
				ASSETCATALOG_COMPILER_APPICON_NAME = AppIcon;
				CODE_SIGN_STYLE = Automatic;
				DEVELOPMENT_TEAM = GLLF8U86V2;
				INFOPLIST_FILE = "Chapter03  Alert/Info.plist";
				LD_RUNPATH_SEARCH_PATHS = "$(inherited) @executable_path/Frameworks";
				PRODUCT_BUNDLE_IDENTIFIER = "org.solbat.Chapter03--Alert";
				PRODUCT_NAME = "$(TARGET_NAME)";
				SWIFT_VERSION = 4.0;
				TARGETED_DEVICE_FAMILY = "1,2";
			};
			name = Release;
		};
/* End XCBuildConfiguration section */

/* Begin XCConfigurationList section */
		596C18801FA0CA39000621FE /* Build configuration list for PBXProject "Chapter03  Alert" */ = {
			isa = XCConfigurationList;
			buildConfigurations = (
				596C18951FA0CA39000621FE /* Debug */,
				596C18961FA0CA39000621FE /* Release */,
			);
			defaultConfigurationIsVisible = 0;
			defaultConfigurationName = Release;
		};
		596C18971FA0CA39000621FE /* Build configuration list for PBXNativeTarget "Chapter03  Alert" */ = {
			isa = XCConfigurationList;
			buildConfigurations = (
				596C18981FA0CA39000621FE /* Debug */,
				596C18991FA0CA39000621FE /* Release */,
			);
			defaultConfigurationIsVisible = 0;
			defaultConfigurationName = Release;
		};
/* End XCConfigurationList section */
	};
	rootObject = 596C187D1FA0CA39000621FE /* Project object */;
}
